
Microsoft Visual Studio Solution File, Format Version 12.00
# Visual Studio 15
VisualStudioVersion = 15.0.27703.2042
MinimumVisualStudioVersion = 10.0.40219.1
Project("{FAE04EC0-301F-11D3-BF4B-00C04F79EFBC}") = "WindowsFormsApp2", "WindowsFormsApp2\WindowsFormsApp2.csproj", "{3A2E9931-7EA3-4554-84F4-A69EE4359DCE}"
EndProject
Global
	GlobalSection(SolutionConfigurationPlatforms) = preSolution
		Debug|Any CPU = Debug|Any CPU
		Release|Any CPU = Release|Any CPU
	EndGlobalSection
	GlobalSection(ProjectConfigurationPlatforms) = postSolution
		{3A2E9931-7EA3-4554-84F4-A69EE4359DCE}.Debug|Any CPU.ActiveCfg = Debug|Any CPU
		{3A2E9931-7EA3-4554-84F4-A69EE4359DCE}.Debug|Any CPU.Build.0 = Debug|Any CPU
		{3A2E9931-7EA3-4554-84F4-A69EE4359DCE}.Release|Any CPU.ActiveCfg = Release|Any CPU
		{3A2E9931-7EA3-4554-84F4-A69EE4359DCE}.Release|Any CPU.Build.0 = Release|Any CPU
	EndGlobalSection
	GlobalSection(SolutionProperties) = preSolution
		HideSolutionNode = FALSE
	EndGlobalSection
	GlobalSection(ExtensibilityGlobals) = postSolution
		SolutionGuid = {761A1C22-72AB-402E-85D7-65F747743AA7}
	EndGlobalSection
EndGlobal
